// !$*UTF8*$!
{
	archiveVersion = 1;
	classes = {
	};
	objectVersion = 48;
	objects = {

/* Begin PBXBuildFile section */
		2216D5701FC40D79001A3BC9 /* AppDelegate.swift in Sources */ = {isa = PBXBuildFile; fileRef = 2216D56F1FC40D79001A3BC9 /* AppDelegate.swift */; };
		2216D5721FC40D79001A3BC9 /* WelcomeVC.swift in Sources */ = {isa = PBXBuildFile; fileRef = 2216D5711FC40D79001A3BC9 /* WelcomeVC.swift */; };
		2216D5751FC40D79001A3BC9 /* Main.storyboard in Resources */ = {isa = PBXBuildFile; fileRef = 2216D5731FC40D79001A3BC9 /* Main.storyboard */; };
		2216D5771FC40D79001A3BC9 /* Assets.xcassets in Resources */ = {isa = PBXBuildFile; fileRef = 2216D5761FC40D79001A3BC9 /* Assets.xcassets */; };
		2216D57A1FC40D79001A3BC9 /* LaunchScreen.storyboard in Resources */ = {isa = PBXBuildFile; fileRef = 2216D5781FC40D79001A3BC9 /* LaunchScreen.storyboard */; };
		2216D5831FC41681001A3BC9 /* BorderButton.swift in Sources */ = {isa = PBXBuildFile; fileRef = 2216D5821FC41681001A3BC9 /* BorderButton.swift */; };
		2216D5871FC44616001A3BC9 /* LeagueVC.swift in Sources */ = {isa = PBXBuildFile; fileRef = 2216D5861FC44616001A3BC9 /* LeagueVC.swift */; };
		2216D5891FC4462F001A3BC9 /* SkillVC.swift in Sources */ = {isa = PBXBuildFile; fileRef = 2216D5881FC4462F001A3BC9 /* SkillVC.swift */; };
		2216D58B1FC4501A001A3BC9 /* File.swift in Sources */ = {isa = PBXBuildFile; fileRef = 2216D58A1FC4501A001A3BC9 /* File.swift */; };
/* End PBXBuildFile section */

/* Begin PBXFileReference section */
		2216D56C1FC40D79001A3BC9 /* app-swoosh.app */ = {isa = PBXFileReference; explicitFileType = wrapper.application; includeInIndex = 0; path = "app-swoosh.app"; sourceTree = BUILT_PRODUCTS_DIR; };
		2216D56F1FC40D79001A3BC9 /* AppDelegate.swift */ = {isa = PBXFileReference; lastKnownFileType = sourcecode.swift; path = AppDelegate.swift; sourceTree = "<group>"; };
		2216D5711FC40D79001A3BC9 /* WelcomeVC.swift */ = {isa = PBXFileReference; lastKnownFileType = sourcecode.swift; path = WelcomeVC.swift; sourceTree = "<group>"; };
		2216D5741FC40D79001A3BC9 /* Base */ = {isa = PBXFileReference; lastKnownFileType = file.storyboard; name = Base; path = Base.lproj/Main.storyboard; sourceTree = "<group>"; };
		2216D5761FC40D79001A3BC9 /* Assets.xcassets */ = {isa = PBXFileReference; lastKnownFileType = folder.assetcatalog; path = Assets.xcassets; sourceTree = "<group>"; };
		2216D5791FC40D79001A3BC9 /* Base */ = {isa = PBXFileReference; lastKnownFileType = file.storyboard; name = Base; path = Base.lproj/LaunchScreen.storyboard; sourceTree = "<group>"; };
		2216D57B1FC40D79001A3BC9 /* Info.plist */ = {isa = PBXFileReference; lastKnownFileType = text.plist.xml; path = Info.plist; sourceTree = "<group>"; };
		2216D5821FC41681001A3BC9 /* BorderButton.swift */ = {isa = PBXFileReference; lastKnownFileType = sourcecode.swift; path = BorderButton.swift; sourceTree = "<group>"; };
		2216D5861FC44616001A3BC9 /* LeagueVC.swift */ = {isa = PBXFileReference; lastKnownFileType = sourcecode.swift; path = LeagueVC.swift; sourceTree = "<group>"; };
		2216D5881FC4462F001A3BC9 /* SkillVC.swift */ = {isa = PBXFileReference; lastKnownFileType = sourcecode.swift; path = SkillVC.swift; sourceTree = "<group>"; };
		2216D58A1FC4501A001A3BC9 /* File.swift */ = {isa = PBXFileReference; lastKnownFileType = sourcecode.swift; path = File.swift; sourceTree = "<group>"; };
/* End PBXFileReference section */

/* Begin PBXFrameworksBuildPhase section */
		2216D5691FC40D79001A3BC9 /* Frameworks */ = {
			isa = PBXFrameworksBuildPhase;
			buildActionMask = 2147483647;
			files = (
			);
			runOnlyForDeploymentPostprocessing = 0;
		};
/* End PBXFrameworksBuildPhase section */

/* Begin PBXGroup section */
		2216D5631FC40D79001A3BC9 = {
			isa = PBXGroup;
			children = (
				2216D56E1FC40D79001A3BC9 /* app-swoosh */,
				2216D56D1FC40D79001A3BC9 /* Products */,
			);
			sourceTree = "<group>";
		};
		2216D56D1FC40D79001A3BC9 /* Products */ = {
			isa = PBXGroup;
			children = (
				2216D56C1FC40D79001A3BC9 /* app-swoosh.app */,
			);
			name = Products;
			sourceTree = "<group>";
		};
		2216D56E1FC40D79001A3BC9 /* app-swoosh */ = {
			isa = PBXGroup;
			children = (
				2216D5851FC444D8001A3BC9 /* Controller */,
				2216D5841FC444C7001A3BC9 /* Model */,
				2216D5811FC41629001A3BC9 /* View */,
				2216D56F1FC40D79001A3BC9 /* AppDelegate.swift */,
				2216D5731FC40D79001A3BC9 /* Main.storyboard */,
				2216D5761FC40D79001A3BC9 /* Assets.xcassets */,
				2216D5781FC40D79001A3BC9 /* LaunchScreen.storyboard */,
				2216D57B1FC40D79001A3BC9 /* Info.plist */,
			);
			path = "app-swoosh";
			sourceTree = "<group>";
		};
		2216D5811FC41629001A3BC9 /* View */ = {
			isa = PBXGroup;
			children = (
				2216D5821FC41681001A3BC9 /* BorderButton.swift */,
			);
			path = View;
			sourceTree = "<group>";
		};
		2216D5841FC444C7001A3BC9 /* Model */ = {
			isa = PBXGroup;
			children = (
				2216D58A1FC4501A001A3BC9 /* File.swift */,
			);
			path = Model;
			sourceTree = "<group>";
		};
		2216D5851FC444D8001A3BC9 /* Controller */ = {
			isa = PBXGroup;
			children = (
				2216D5711FC40D79001A3BC9 /* WelcomeVC.swift */,
				2216D5861FC44616001A3BC9 /* LeagueVC.swift */,
				2216D5881FC4462F001A3BC9 /* SkillVC.swift */,
			);
			path = Controller;
			sourceTree = "<group>";
		};
/* End PBXGroup section */

/* Begin PBXNativeTarget section */
		2216D56B1FC40D79001A3BC9 /* app-swoosh */ = {
			isa = PBXNativeTarget;
			buildConfigurationList = 2216D57E1FC40D79001A3BC9 /* Build configuration list for PBXNativeTarget "app-swoosh" */;
			buildPhases = (
				2216D5681FC40D79001A3BC9 /* Sources */,
				2216D5691FC40D79001A3BC9 /* Frameworks */,
				2216D56A1FC40D79001A3BC9 /* Resources */,
			);
			buildRules = (
			);
			dependencies = (
			);
			name = "app-swoosh";
			productName = "app-swoosh";
			productReference = 2216D56C1FC40D79001A3BC9 /* app-swoosh.app */;
			productType = "com.apple.product-type.application";
		};
/* End PBXNativeTarget section */

/* Begin PBXProject section */
		2216D5641FC40D79001A3BC9 /* Project object */ = {
			isa = PBXProject;
			attributes = {
				LastSwiftUpdateCheck = 0910;
				LastUpgradeCheck = 0910;
				ORGANIZATIONNAME = "Amber Sethi";
				TargetAttributes = {
					2216D56B1FC40D79001A3BC9 = {
						CreatedOnToolsVersion = 9.1;
						ProvisioningStyle = Automatic;
					};
				};
			};
			buildConfigurationList = 2216D5671FC40D79001A3BC9 /* Build configuration list for PBXProject "app-swoosh" */;
			compatibilityVersion = "Xcode 8.0";
			developmentRegion = en;
			hasScannedForEncodings = 0;
			knownRegions = (
				en,
				Base,
			);
			mainGroup = 2216D5631FC40D79001A3BC9;
			productRefGroup = 2216D56D1FC40D79001A3BC9 /* Products */;
			projectDirPath = "";
			projectRoot = "";
			targets = (
				2216D56B1FC40D79001A3BC9 /* app-swoosh */,
			);
		};
/* End PBXProject section */

/* Begin PBXResourcesBuildPhase section */
		2216D56A1FC40D79001A3BC9 /* Resources */ = {
			isa = PBXResourcesBuildPhase;
			buildActionMask = 2147483647;
			files = (
				2216D57A1FC40D79001A3BC9 /* LaunchScreen.storyboard in Resources */,
				2216D5771FC40D79001A3BC9 /* Assets.xcassets in Resources */,
				2216D5751FC40D79001A3BC9 /* Main.storyboard in Resources */,
			);
			runOnlyForDeploymentPostprocessing = 0;
		};
/* End PBXResourcesBuildPhase section */

/* Begin PBXSourcesBuildPhase section */
		2216D5681FC40D79001A3BC9 /* Sources */ = {
			isa = PBXSourcesBuildPhase;
			buildActionMask = 2147483647;
			files = (
				2216D5721FC40D79001A3BC9 /* WelcomeVC.swift in Sources */,
				2216D58B1FC4501A001A3BC9 /* File.swift in Sources */,
				2216D5871FC44616001A3BC9 /* LeagueVC.swift in Sources */,
				2216D5701FC40D79001A3BC9 /* AppDelegate.swift in Sources */,
				2216D5891FC4462F001A3BC9 /* SkillVC.swift in Sources */,
				2216D5831FC41681001A3BC9 /* BorderButton.swift in Sources */,
			);
			runOnlyForDeploymentPostprocessing = 0;
		};
/* End PBXSourcesBuildPhase section */

/* Begin PBXVariantGroup section */
		2216D5731FC40D79001A3BC9 /* Main.storyboard */ = {
			isa = PBXVariantGroup;
			children = (
				2216D5741FC40D79001A3BC9 /* Base */,
			);
			name = Main.storyboard;
			sourceTree = "<group>";
		};
		2216D5781FC40D79001A3BC9 /* LaunchScreen.storyboard */ = {
			isa = PBXVariantGroup;
			children = (
				2216D5791FC40D79001A3BC9 /* Base */,
			);
			name = LaunchScreen.storyboard;
			sourceTree = "<group>";
		};
/* End PBXVariantGroup section */

/* Begin XCBuildConfiguration section */
		2216D57C1FC40D79001A3BC9 /* Debug */ = {
			isa = XCBuildConfiguration;
			buildSettings = {
				ALWAYS_SEARCH_USER_PATHS = NO;
				CLANG_ANALYZER_NONNULL = YES;
				CLANG_ANALYZER_NUMBER_OBJECT_CONVERSION = YES_AGGRESSIVE;
				CLANG_CXX_LANGUAGE_STANDARD = "gnu++14";
				CLANG_CXX_LIBRARY = "libc++";
				CLANG_ENABLE_MODULES = YES;
				CLANG_ENABLE_OBJC_ARC = YES;
				CLANG_WARN_BLOCK_CAPTURE_AUTORELEASING = YES;
				CLANG_WARN_BOOL_CONVERSION = YES;
				CLANG_WARN_COMMA = YES;
				CLANG_WARN_CONSTANT_CONVERSION = YES;
				CLANG_WARN_DIRECT_OBJC_ISA_USAGE = YES_ERROR;
				CLANG_WARN_DOCUMENTATION_COMMENTS = YES;
				CLANG_WARN_EMPTY_BODY = YES;
				CLANG_WARN_ENUM_CONVERSION = YES;
				CLANG_WARN_INFINITE_RECURSION = YES;
				CLANG_WARN_INT_CONVERSION = YES;
				CLANG_WARN_NON_LITERAL_NULL_CONVERSION = YES;
				CLANG_WARN_OBJC_LITERAL_CONVERSION = YES;
				CLANG_WARN_OBJC_ROOT_CLASS = YES_ERROR;
				CLANG_WARN_RANGE_LOOP_ANALYSIS = YES;
				CLANG_WARN_STRICT_PROTOTYPES = YES;
				CLANG_WARN_SUSPICIOUS_MOVE = YES;
				CLANG_WARN_UNGUARDED_AVAILABILITY = YES_AGGRESSIVE;
				CLANG_WARN_UNREACHABLE_CODE = YES;
				CLANG_WARN__DUPLICATE_METHOD_MATCH = YES;
				CODE_SIGN_IDENTITY = "iPhone Developer";
				COPY_PHASE_STRIP = NO;
				DEBUG_INFORMATION_FORMAT = dwarf;
				ENABLE_STRICT_OBJC_MSGSEND = YES;
				ENABLE_TESTABILITY = YES;
				GCC_C_LANGUAGE_STANDARD = gnu11;
				GCC_DYNAMIC_NO_PIC = NO;
				GCC_NO_COMMON_BLOCKS = YES;
				GCC_OPTIMIZATION_LEVEL = 0;
				GCC_PREPROCESSOR_DEFINITIONS = (
					"DEBUG=1",
					"$(inherited)",
				);
				GCC_WARN_64_TO_32_BIT_CONVERSION = YES;
				GCC_WARN_ABOUT_RETURN_TYPE = YES_ERROR;
				GCC_WARN_UNDECLARED_SELECTOR = YES;
				GCC_WARN_UNINITIALIZED_AUTOS = YES_AGGRESSIVE;
				GCC_WARN_UNUSED_FUNCTION = YES;
				GCC_WARN_UNUSED_VARIABLE = YES;
				IPHONEOS_DEPLOYMENT_TARGET = 11.1;
				MTL_ENABLE_DEBUG_INFO = YES;
				ONLY_ACTIVE_ARCH = YES;
				SDKROOT = iphoneos;
				SWIFT_ACTIVE_COMPILATION_CONDITIONS = DEBUG;
				SWIFT_OPTIMIZATION_LEVEL = "-Onone";
			};
			name = Debug;
		};
		2216D57D1FC40D79001A3BC9 /* Release */ = {
			isa = XCBuildConfiguration;
			buildSettings = {
				ALWAYS_SEARCH_USER_PATHS = NO;
				CLANG_ANALYZER_NONNULL = YES;
				CLANG_ANALYZER_NUMBER_OBJECT_CONVERSION = YES_AGGRESSIVE;
				CLANG_CXX_LANGUAGE_STANDARD = "gnu++14";
				CLANG_CXX_LIBRARY = "libc++";
				CLANG_ENABLE_MODULES = YES;
				CLANG_ENABLE_OBJC_ARC = YES;
				CLANG_WARN_BLOCK_CAPTURE_AUTORELEASING = YES;
				CLANG_WARN_BOOL_CONVERSION = YES;
				CLANG_WARN_COMMA = YES;
				CLANG_WARN_CONSTANT_CONVERSION = YES;
				CLANG_WARN_DIRECT_OBJC_ISA_USAGE = YES_ERROR;
				CLANG_WARN_DOCUMENTATION_COMMENTS = YES;
				CLANG_WARN_EMPTY_BODY = YES;
				CLANG_WARN_ENUM_CONVERSION = YES;
				CLANG_WARN_INFINITE_RECURSION = YES;
				CLANG_WARN_INT_CONVERSION = YES;
				CLANG_WARN_NON_LITERAL_NULL_CONVERSION = YES;
				CLANG_WARN_OBJC_LITERAL_CONVERSION = YES;
				CLANG_WARN_OBJC_ROOT_CLASS = YES_ERROR;
				CLANG_WARN_RANGE_LOOP_ANALYSIS = YES;
				CLANG_WARN_STRICT_PROTOTYPES = YES;
				CLANG_WARN_SUSPICIOUS_MOVE = YES;
				CLANG_WARN_UNGUARDED_AVAILABILITY = YES_AGGRESSIVE;
				CLANG_WARN_UNREACHABLE_CODE = YES;
				CLANG_WARN__DUPLICATE_METHOD_MATCH = YES;
				CODE_SIGN_IDENTITY = "iPhone Developer";
				COPY_PHASE_STRIP = NO;
				DEBUG_INFORMATION_FORMAT = "dwarf-with-dsym";
				ENABLE_NS_ASSERTIONS = NO;
				ENABLE_STRICT_OBJC_MSGSEND = YES;
				GCC_C_LANGUAGE_STANDARD = gnu11;
				GCC_NO_COMMON_BLOCKS = YES;
				GCC_WARN_64_TO_32_BIT_CONVERSION = YES;
				GCC_WARN_ABOUT_RETURN_TYPE = YES_ERROR;
				GCC_WARN_UNDECLARED_SELECTOR = YES;
				GCC_WARN_UNINITIALIZED_AUTOS = YES_AGGRESSIVE;
				GCC_WARN_UNUSED_FUNCTION = YES;
				GCC_WARN_UNUSED_VARIABLE = YES;
				IPHONEOS_DEPLOYMENT_TARGET = 11.1;
				MTL_ENABLE_DEBUG_INFO = NO;
				SDKROOT = iphoneos;
				SWIFT_OPTIMIZATION_LEVEL = "-Owholemodule";
				VALIDATE_PRODUCT = YES;
			};
			name = Release;
		};
		2216D57F1FC40D79001A3BC9 /* Debug */ = {
			isa = XCBuildConfiguration;
			buildSettings = {
				ASSETCATALOG_COMPILER_APPICON_NAME = AppIcon;
				CODE_SIGN_STYLE = Automatic;
				DEVELOPMENT_TEAM = 5MA2BQMHDQ;
				INFOPLIST_FILE = "app-swoosh/Info.plist";
				LD_RUNPATH_SEARCH_PATHS = "$(inherited) @executable_path/Frameworks";
				PRODUCT_BUNDLE_IDENTIFIER = "com.hercules.app-swoosh";
				PRODUCT_NAME = "$(TARGET_NAME)";
				SWIFT_VERSION = 4.0;
				TARGETED_DEVICE_FAMILY = "1,2";
			};
			name = Debug;
		};
		2216D5801FC40D79001A3BC9 /* Release */ = {
			isa = XCBuildConfiguration;
			buildSettings = {
				ASSETCATALOG_COMPILER_APPICON_NAME = AppIcon;
				CODE_SIGN_STYLE = Automatic;
				DEVELOPMENT_TEAM = 5MA2BQMHDQ;
				INFOPLIST_FILE = "app-swoosh/Info.plist";
				LD_RUNPATH_SEARCH_PATHS = "$(inherited) @executable_path/Frameworks";
				PRODUCT_BUNDLE_IDENTIFIER = "com.hercules.app-swoosh";
				PRODUCT_NAME = "$(TARGET_NAME)";
				SWIFT_VERSION = 4.0;
				TARGETED_DEVICE_FAMILY = "1,2";
			};
			name = Release;
		};
/* End XCBuildConfiguration section */

/* Begin XCConfigurationList section */
		2216D5671FC40D79001A3BC9 /* Build configuration list for PBXProject "app-swoosh" */ = {
			isa = XCConfigurationList;
			buildConfigurations = (
				2216D57C1FC40D79001A3BC9 /* Debug */,
				2216D57D1FC40D79001A3BC9 /* Release */,
			);
			defaultConfigurationIsVisible = 0;
			defaultConfigurationName = Release;
		};
		2216D57E1FC40D79001A3BC9 /* Build configuration list for PBXNativeTarget "app-swoosh" */ = {
			isa = XCConfigurationList;
			buildConfigurations = (
				2216D57F1FC40D79001A3BC9 /* Debug */,
				2216D5801FC40D79001A3BC9 /* Release */,
			);
			defaultConfigurationIsVisible = 0;
			defaultConfigurationName = Release;
		};
/* End XCConfigurationList section */
	};
	rootObject = 2216D5641FC40D79001A3BC9 /* Project object */;
}
